version = 1
requires-python = ">=3.13"

[[package]]
name = "anyio"
version = "4.9.0"
source = { registry = "https://pypi.org/simple" }
dependencies = [
    { name = "idna" },
    { name = "sniffio" },
]
sdist = { url = "https://files.pythonhosted.org/packages/95/7d/4c1bd541d4dffa1b52bd83fb8527089e097a106fc90b467a7313b105f840/anyio-4.9.0.tar.gz", hash = "sha256:673c0c244e15788651a4ff38710fea9675823028a6f08a5eda409e0c9840a028", size = 190949 }
wheels = [
    { url = "https://files.pythonhosted.org/packages/a1/ee/48ca1a7c89ffec8b6a0c5d02b89c305671d5ffd8d3c94acf8b8c408575bb/anyio-4.9.0-py3-none-any.whl", hash = "sha256:9f76d541cad6e36af7beb62e978876f3b41e3e04f2c1fbf0884604c0a9c4d93c", size = 100916 },
]

[[package]]
name = "attrs"
version = "25.3.0"
source = { registry = "https://pypi.org/simple" }
sdist = { url = "https://files.pythonhosted.org/packages/5a/b0/1367933a8532ee6ff8d63537de4f1177af4bff9f3e829baf7331f595bb24/attrs-25.3.0.tar.gz", hash = "sha256:75d7cefc7fb576747b2c81b4442d4d4a1ce0900973527c011d1030fd3bf4af1b", size = 812032 }
wheels = [
    { url = "https://files.pythonhosted.org/packages/77/06/bb80f5f86020c4551da315d78b3ab75e8228f89f0162f2c3a819e407941a/attrs-25.3.0-py3-none-any.whl", hash = "sha256:427318ce031701fea540783410126f03899a97ffc6f61596ad581ac2e40e3bc3", size = 63815 },
]

[[package]]
name = "authlib"
version = "1.6.0"
source = { registry = "https://pypi.org/simple" }
dependencies = [
    { name = "cryptography" },
]
sdist = { url = "https://files.pythonhosted.org/packages/a2/9d/b1e08d36899c12c8b894a44a5583ee157789f26fc4b176f8e4b6217b56e1/authlib-1.6.0.tar.gz", hash = "sha256:4367d32031b7af175ad3a323d571dc7257b7099d55978087ceae4a0d88cd3210", size = 158371 }
wheels = [
    { url = "https://files.pythonhosted.org/packages/84/29/587c189bbab1ccc8c86a03a5d0e13873df916380ef1be461ebe6acebf48d/authlib-1.6.0-py2.py3-none-any.whl", hash = "sha256:91685589498f79e8655e8a8947431ad6288831d643f11c55c2143ffcc738048d", size = 239981 },
]

[[package]]
name = "automation-server-client"
version = "0.1.0"
source = { git = "https://github.com/odense-rpa/automation-server-client.git#90c83af720c226916bd0106a27f7aecd429ff841" }
dependencies = [
    { name = "python-dotenv" },
    { name = "requests" },
]

[[package]]
name = "certifi"
version = "2025.4.26"
source = { registry = "https://pypi.org/simple" }
sdist = { url = "https://files.pythonhosted.org/packages/e8/9e/c05b3920a3b7d20d3d3310465f50348e5b3694f4f88c6daf736eef3024c4/certifi-2025.4.26.tar.gz", hash = "sha256:0a816057ea3cdefcef70270d2c515e4506bbc954f417fa5ade2021213bb8f0c6", size = 160705 }
wheels = [
    { url = "https://files.pythonhosted.org/packages/4a/7e/3db2bd1b1f9e95f7cddca6d6e75e2f2bd9f51b1246e546d88addca0106bd/certifi-2025.4.26-py3-none-any.whl", hash = "sha256:30350364dfe371162649852c63336a15c70c6510c2ad5015b21c2345311805f3", size = 159618 },
]

[[package]]
name = "cffi"
version = "1.17.1"
source = { registry = "https://pypi.org/simple" }
dependencies = [
    { name = "pycparser" },
]
sdist = { url = "https://files.pythonhosted.org/packages/fc/97/c783634659c2920c3fc70419e3af40972dbaf758daa229a7d6ea6135c90d/cffi-1.17.1.tar.gz", hash = "sha256:1c39c6016c32bc48dd54561950ebd6836e1670f2ae46128f67cf49e789c52824", size = 516621 }
wheels = [
    { url = "https://files.pythonhosted.org/packages/8d/f8/dd6c246b148639254dad4d6803eb6a54e8c85c6e11ec9df2cffa87571dbe/cffi-1.17.1-cp313-cp313-macosx_10_13_x86_64.whl", hash = "sha256:f3a2b4222ce6b60e2e8b337bb9596923045681d71e5a082783484d845390938e", size = 182989 },
    { url = "https://files.pythonhosted.org/packages/8b/f1/672d303ddf17c24fc83afd712316fda78dc6fce1cd53011b839483e1ecc8/cffi-1.17.1-cp313-cp313-macosx_11_0_arm64.whl", hash = "sha256:0984a4925a435b1da406122d4d7968dd861c1385afe3b45ba82b750f229811e2", size = 178802 },
    { url = "https://files.pythonhosted.org/packages/0e/2d/eab2e858a91fdff70533cab61dcff4a1f55ec60425832ddfdc9cd36bc8af/cffi-1.17.1-cp313-cp313-manylinux_2_12_i686.manylinux2010_i686.manylinux_2_17_i686.manylinux2014_i686.whl", hash = "sha256:d01b12eeeb4427d3110de311e1774046ad344f5b1a7403101878976ecd7a10f3", size = 454792 },
    { url = "https://files.pythonhosted.org/packages/75/b2/fbaec7c4455c604e29388d55599b99ebcc250a60050610fadde58932b7ee/cffi-1.17.1-cp313-cp313-manylinux_2_17_aarch64.manylinux2014_aarch64.whl", hash = "sha256:706510fe141c86a69c8ddc029c7910003a17353970cff3b904ff0686a5927683", size = 478893 },
    { url = "https://files.pythonhosted.org/packages/4f/b7/6e4a2162178bf1935c336d4da8a9352cccab4d3a5d7914065490f08c0690/cffi-1.17.1-cp313-cp313-manylinux_2_17_ppc64le.manylinux2014_ppc64le.whl", hash = "sha256:de55b766c7aa2e2a3092c51e0483d700341182f08e67c63630d5b6f200bb28e5", size = 485810 },
    { url = "https://files.pythonhosted.org/packages/c7/8a/1d0e4a9c26e54746dc08c2c6c037889124d4f59dffd853a659fa545f1b40/cffi-1.17.1-cp313-cp313-manylinux_2_17_s390x.manylinux2014_s390x.whl", hash = "sha256:c59d6e989d07460165cc5ad3c61f9fd8f1b4796eacbd81cee78957842b834af4", size = 471200 },
    { url = "https://files.pythonhosted.org/packages/26/9f/1aab65a6c0db35f43c4d1b4f580e8df53914310afc10ae0397d29d697af4/cffi-1.17.1-cp313-cp313-manylinux_2_17_x86_64.manylinux2014_x86_64.whl", hash = "sha256:dd398dbc6773384a17fe0d3e7eeb8d1a21c2200473ee6806bb5e6a8e62bb73dd", size = 479447 },
    { url = "https://files.pythonhosted.org/packages/5f/e4/fb8b3dd8dc0e98edf1135ff067ae070bb32ef9d509d6cb0f538cd6f7483f/cffi-1.17.1-cp313-cp313-musllinux_1_1_aarch64.whl", hash = "sha256:3edc8d958eb099c634dace3c7e16560ae474aa3803a5df240542b305d14e14ed", size = 484358 },
    { url = "https://files.pythonhosted.org/packages/f1/47/d7145bf2dc04684935d57d67dff9d6d795b2ba2796806bb109864be3a151/cffi-1.17.1-cp313-cp313-musllinux_1_1_x86_64.whl", hash = "sha256:72e72408cad3d5419375fc87d289076ee319835bdfa2caad331e377589aebba9", size = 488469 },
    { url = "https://files.pythonhosted.org/packages/bf/ee/f94057fa6426481d663b88637a9a10e859e492c73d0384514a17d78ee205/cffi-1.17.1-cp313-cp313-win32.whl", hash = "sha256:e03eab0a8677fa80d646b5ddece1cbeaf556c313dcfac435ba11f107ba117b5d", size = 172475 },
    { url = "https://files.pythonhosted.org/packages/7c/fc/6a8cb64e5f0324877d503c854da15d76c1e50eb722e320b15345c4d0c6de/cffi-1.17.1-cp313-cp313-win_amd64.whl", hash = "sha256:f6a16c31041f09ead72d69f583767292f750d24913dadacf5756b966aacb3f1a", size = 182009 },
]

[[package]]
name = "charset-normalizer"
version = "3.4.1"
source = { registry = "https://pypi.org/simple" }
sdist = { url = "https://files.pythonhosted.org/packages/16/b0/572805e227f01586461c80e0fd25d65a2115599cc9dad142fee4b747c357/charset_normalizer-3.4.1.tar.gz", hash = "sha256:44251f18cd68a75b56585dd00dae26183e102cd5e0f9f1466e6df5da2ed64ea3", size = 123188 }
wheels = [
    { url = "https://files.pythonhosted.org/packages/38/94/ce8e6f63d18049672c76d07d119304e1e2d7c6098f0841b51c666e9f44a0/charset_normalizer-3.4.1-cp313-cp313-macosx_10_13_universal2.whl", hash = "sha256:aabfa34badd18f1da5ec1bc2715cadc8dca465868a4e73a0173466b688f29dda", size = 195698 },
    { url = "https://files.pythonhosted.org/packages/24/2e/dfdd9770664aae179a96561cc6952ff08f9a8cd09a908f259a9dfa063568/charset_normalizer-3.4.1-cp313-cp313-manylinux_2_17_aarch64.manylinux2014_aarch64.whl", hash = "sha256:22e14b5d70560b8dd51ec22863f370d1e595ac3d024cb8ad7d308b4cd95f8313", size = 140162 },
    { url = "https://files.pythonhosted.org/packages/24/4e/f646b9093cff8fc86f2d60af2de4dc17c759de9d554f130b140ea4738ca6/charset_normalizer-3.4.1-cp313-cp313-manylinux_2_17_ppc64le.manylinux2014_ppc64le.whl", hash = "sha256:8436c508b408b82d87dc5f62496973a1805cd46727c34440b0d29d8a2f50a6c9", size = 150263 },
    { url = "https://files.pythonhosted.org/packages/5e/67/2937f8d548c3ef6e2f9aab0f6e21001056f692d43282b165e7c56023e6dd/charset_normalizer-3.4.1-cp313-cp313-manylinux_2_17_s390x.manylinux2014_s390x.whl", hash = "sha256:2d074908e1aecee37a7635990b2c6d504cd4766c7bc9fc86d63f9c09af3fa11b", size = 142966 },
    { url = "https://files.pythonhosted.org/packages/52/ed/b7f4f07de100bdb95c1756d3a4d17b90c1a3c53715c1a476f8738058e0fa/charset_normalizer-3.4.1-cp313-cp313-manylinux_2_17_x86_64.manylinux2014_x86_64.whl", hash = "sha256:955f8851919303c92343d2f66165294848d57e9bba6cf6e3625485a70a038d11", size = 144992 },
    { url = "https://files.pythonhosted.org/packages/96/2c/d49710a6dbcd3776265f4c923bb73ebe83933dfbaa841c5da850fe0fd20b/charset_normalizer-3.4.1-cp313-cp313-manylinux_2_5_i686.manylinux1_i686.manylinux_2_17_i686.manylinux2014_i686.whl", hash = "sha256:44ecbf16649486d4aebafeaa7ec4c9fed8b88101f4dd612dcaf65d5e815f837f", size = 147162 },
    { url = "https://files.pythonhosted.org/packages/b4/41/35ff1f9a6bd380303dea55e44c4933b4cc3c4850988927d4082ada230273/charset_normalizer-3.4.1-cp313-cp313-musllinux_1_2_aarch64.whl", hash = "sha256:0924e81d3d5e70f8126529951dac65c1010cdf117bb75eb02dd12339b57749dd", size = 140972 },
    { url = "https://files.pythonhosted.org/packages/fb/43/c6a0b685fe6910d08ba971f62cd9c3e862a85770395ba5d9cad4fede33ab/charset_normalizer-3.4.1-cp313-cp313-musllinux_1_2_i686.whl", hash = "sha256:2967f74ad52c3b98de4c3b32e1a44e32975e008a9cd2a8cc8966d6a5218c5cb2", size = 149095 },
    { url = "https://files.pythonhosted.org/packages/4c/ff/a9a504662452e2d2878512115638966e75633519ec11f25fca3d2049a94a/charset_normalizer-3.4.1-cp313-cp313-musllinux_1_2_ppc64le.whl", hash = "sha256:c75cb2a3e389853835e84a2d8fb2b81a10645b503eca9bcb98df6b5a43eb8886", size = 152668 },
    { url = "https://files.pythonhosted.org/packages/6c/71/189996b6d9a4b932564701628af5cee6716733e9165af1d5e1b285c530ed/charset_normalizer-3.4.1-cp313-cp313-musllinux_1_2_s390x.whl", hash = "sha256:09b26ae6b1abf0d27570633b2b078a2a20419c99d66fb2823173d73f188ce601", size = 150073 },
    { url = "https://files.pythonhosted.org/packages/e4/93/946a86ce20790e11312c87c75ba68d5f6ad2208cfb52b2d6a2c32840d922/charset_normalizer-3.4.1-cp313-cp313-musllinux_1_2_x86_64.whl", hash = "sha256:fa88b843d6e211393a37219e6a1c1df99d35e8fd90446f1118f4216e307e48cd", size = 145732 },
    { url = "https://files.pythonhosted.org/packages/cd/e5/131d2fb1b0dddafc37be4f3a2fa79aa4c037368be9423061dccadfd90091/charset_normalizer-3.4.1-cp313-cp313-win32.whl", hash = "sha256:eb8178fe3dba6450a3e024e95ac49ed3400e506fd4e9e5c32d30adda88cbd407", size = 95391 },
    { url = "https://files.pythonhosted.org/packages/27/f2/4f9a69cc7712b9b5ad8fdb87039fd89abba997ad5cbe690d1835d40405b0/charset_normalizer-3.4.1-cp313-cp313-win_amd64.whl", hash = "sha256:b1ac5992a838106edb89654e0aebfc24f5848ae2547d22c2c3f66454daa11971", size = 102702 },
    { url = "https://files.pythonhosted.org/packages/0e/f6/65ecc6878a89bb1c23a086ea335ad4bf21a588990c3f535a227b9eea9108/charset_normalizer-3.4.1-py3-none-any.whl", hash = "sha256:d98b1668f06378c6dbefec3b92299716b931cd4e6061f3c875a71ced1780ab85", size = 49767 },
]

[[package]]
name = "cryptography"
version = "45.0.3"
source = { registry = "https://pypi.org/simple" }
dependencies = [
    { name = "cffi", marker = "platform_python_implementation != 'PyPy'" },
]
sdist = { url = "https://files.pythonhosted.org/packages/13/1f/9fa001e74a1993a9cadd2333bb889e50c66327b8594ac538ab8a04f915b7/cryptography-45.0.3.tar.gz", hash = "sha256:ec21313dd335c51d7877baf2972569f40a4291b76a0ce51391523ae358d05899", size = 744738 }
wheels = [
    { url = "https://files.pythonhosted.org/packages/82/b2/2345dc595998caa6f68adf84e8f8b50d18e9fc4638d32b22ea8daedd4b7a/cryptography-45.0.3-cp311-abi3-macosx_10_9_universal2.whl", hash = "sha256:7573d9eebaeceeb55285205dbbb8753ac1e962af3d9640791d12b36864065e71", size = 7056239 },
    { url = "https://files.pythonhosted.org/packages/71/3d/ac361649a0bfffc105e2298b720d8b862330a767dab27c06adc2ddbef96a/cryptography-45.0.3-cp311-abi3-manylinux_2_17_aarch64.manylinux2014_aarch64.whl", hash = "sha256:d377dde61c5d67eb4311eace661c3efda46c62113ff56bf05e2d679e02aebb5b", size = 4205541 },
    { url = "https://files.pythonhosted.org/packages/70/3e/c02a043750494d5c445f769e9c9f67e550d65060e0bfce52d91c1362693d/cryptography-45.0.3-cp311-abi3-manylinux_2_17_x86_64.manylinux2014_x86_64.whl", hash = "sha256:fae1e637f527750811588e4582988932c222f8251f7b7ea93739acb624e1487f", size = 4433275 },
    { url = "https://files.pythonhosted.org/packages/40/7a/9af0bfd48784e80eef3eb6fd6fde96fe706b4fc156751ce1b2b965dada70/cryptography-45.0.3-cp311-abi3-manylinux_2_28_aarch64.whl", hash = "sha256:ca932e11218bcc9ef812aa497cdf669484870ecbcf2d99b765d6c27a86000942", size = 4209173 },
    { url = "https://files.pythonhosted.org/packages/31/5f/d6f8753c8708912df52e67969e80ef70b8e8897306cd9eb8b98201f8c184/cryptography-45.0.3-cp311-abi3-manylinux_2_28_armv7l.manylinux_2_31_armv7l.whl", hash = "sha256:af3f92b1dc25621f5fad065288a44ac790c5798e986a34d393ab27d2b27fcff9", size = 3898150 },
    { url = "https://files.pythonhosted.org/packages/8b/50/f256ab79c671fb066e47336706dc398c3b1e125f952e07d54ce82cf4011a/cryptography-45.0.3-cp311-abi3-manylinux_2_28_x86_64.whl", hash = "sha256:2f8f8f0b73b885ddd7f3d8c2b2234a7d3ba49002b0223f58cfde1bedd9563c56", size = 4466473 },
    { url = "https://files.pythonhosted.org/packages/62/e7/312428336bb2df0848d0768ab5a062e11a32d18139447a76dfc19ada8eed/cryptography-45.0.3-cp311-abi3-manylinux_2_34_aarch64.whl", hash = "sha256:9cc80ce69032ffa528b5e16d217fa4d8d4bb7d6ba8659c1b4d74a1b0f4235fca", size = 4211890 },
    { url = "https://files.pythonhosted.org/packages/e7/53/8a130e22c1e432b3c14896ec5eb7ac01fb53c6737e1d705df7e0efb647c6/cryptography-45.0.3-cp311-abi3-manylinux_2_34_x86_64.whl", hash = "sha256:c824c9281cb628015bfc3c59335163d4ca0540d49de4582d6c2637312907e4b1", size = 4466300 },
    { url = "https://files.pythonhosted.org/packages/ba/75/6bb6579688ef805fd16a053005fce93944cdade465fc92ef32bbc5c40681/cryptography-45.0.3-cp311-abi3-musllinux_1_2_aarch64.whl", hash = "sha256:5833bb4355cb377ebd880457663a972cd044e7f49585aee39245c0d592904578", size = 4332483 },
    { url = "https://files.pythonhosted.org/packages/2f/11/2538f4e1ce05c6c4f81f43c1ef2bd6de7ae5e24ee284460ff6c77e42ca77/cryptography-45.0.3-cp311-abi3-musllinux_1_2_x86_64.whl", hash = "sha256:9bb5bf55dcb69f7067d80354d0a348368da907345a2c448b0babc4215ccd3497", size = 4573714 },
    { url = "https://files.pythonhosted.org/packages/f5/bb/e86e9cf07f73a98d84a4084e8fd420b0e82330a901d9cac8149f994c3417/cryptography-45.0.3-cp311-abi3-win32.whl", hash = "sha256:3ad69eeb92a9de9421e1f6685e85a10fbcfb75c833b42cc9bc2ba9fb00da4710", size = 2934752 },
    { url = "https://files.pythonhosted.org/packages/c7/75/063bc9ddc3d1c73e959054f1fc091b79572e716ef74d6caaa56e945b4af9/cryptography-45.0.3-cp311-abi3-win_amd64.whl", hash = "sha256:97787952246a77d77934d41b62fb1b6f3581d83f71b44796a4158d93b8f5c490", size = 3412465 },
    { url = "https://files.pythonhosted.org/packages/71/9b/04ead6015229a9396890d7654ee35ef630860fb42dc9ff9ec27f72157952/cryptography-45.0.3-cp37-abi3-macosx_10_9_universal2.whl", hash = "sha256:c92519d242703b675ccefd0f0562eb45e74d438e001f8ab52d628e885751fb06", size = 7031892 },
    { url = "https://files.pythonhosted.org/packages/46/c7/c7d05d0e133a09fc677b8a87953815c522697bdf025e5cac13ba419e7240/cryptography-45.0.3-cp37-abi3-manylinux_2_17_aarch64.manylinux2014_aarch64.whl", hash = "sha256:c5edcb90da1843df85292ef3a313513766a78fbbb83f584a5a58fb001a5a9d57", size = 4196181 },
    { url = "https://files.pythonhosted.org/packages/08/7a/6ad3aa796b18a683657cef930a986fac0045417e2dc428fd336cfc45ba52/cryptography-45.0.3-cp37-abi3-manylinux_2_17_x86_64.manylinux2014_x86_64.whl", hash = "sha256:38deed72285c7ed699864f964a3f4cf11ab3fb38e8d39cfcd96710cd2b5bb716", size = 4423370 },
    { url = "https://files.pythonhosted.org/packages/4f/58/ec1461bfcb393525f597ac6a10a63938d18775b7803324072974b41a926b/cryptography-45.0.3-cp37-abi3-manylinux_2_28_aarch64.whl", hash = "sha256:5555365a50efe1f486eed6ac7062c33b97ccef409f5970a0b6f205a7cfab59c8", size = 4197839 },
    { url = "https://files.pythonhosted.org/packages/d4/3d/5185b117c32ad4f40846f579369a80e710d6146c2baa8ce09d01612750db/cryptography-45.0.3-cp37-abi3-manylinux_2_28_armv7l.manylinux_2_31_armv7l.whl", hash = "sha256:9e4253ed8f5948a3589b3caee7ad9a5bf218ffd16869c516535325fece163dcc", size = 3886324 },
    { url = "https://files.pythonhosted.org/packages/67/85/caba91a57d291a2ad46e74016d1f83ac294f08128b26e2a81e9b4f2d2555/cryptography-45.0.3-cp37-abi3-manylinux_2_28_x86_64.whl", hash = "sha256:cfd84777b4b6684955ce86156cfb5e08d75e80dc2585e10d69e47f014f0a5342", size = 4450447 },
    { url = "https://files.pythonhosted.org/packages/ae/d1/164e3c9d559133a38279215c712b8ba38e77735d3412f37711b9f8f6f7e0/cryptography-45.0.3-cp37-abi3-manylinux_2_34_aarch64.whl", hash = "sha256:a2b56de3417fd5f48773ad8e91abaa700b678dc7fe1e0c757e1ae340779acf7b", size = 4200576 },
    { url = "https://files.pythonhosted.org/packages/71/7a/e002d5ce624ed46dfc32abe1deff32190f3ac47ede911789ee936f5a4255/cryptography-45.0.3-cp37-abi3-manylinux_2_34_x86_64.whl", hash = "sha256:57a6500d459e8035e813bd8b51b671977fb149a8c95ed814989da682314d0782", size = 4450308 },
    { url = "https://files.pythonhosted.org/packages/87/ad/3fbff9c28cf09b0a71e98af57d74f3662dea4a174b12acc493de00ea3f28/cryptography-45.0.3-cp37-abi3-musllinux_1_2_aarch64.whl", hash = "sha256:f22af3c78abfbc7cbcdf2c55d23c3e022e1a462ee2481011d518c7fb9c9f3d65", size = 4325125 },
    { url = "https://files.pythonhosted.org/packages/f5/b4/51417d0cc01802304c1984d76e9592f15e4801abd44ef7ba657060520bf0/cryptography-45.0.3-cp37-abi3-musllinux_1_2_x86_64.whl", hash = "sha256:232954730c362638544758a8160c4ee1b832dc011d2c41a306ad8f7cccc5bb0b", size = 4560038 },
    { url = "https://files.pythonhosted.org/packages/80/38/d572f6482d45789a7202fb87d052deb7a7b136bf17473ebff33536727a2c/cryptography-45.0.3-cp37-abi3-win32.whl", hash = "sha256:cb6ab89421bc90e0422aca911c69044c2912fc3debb19bb3c1bfe28ee3dff6ab", size = 2924070 },
    { url = "https://files.pythonhosted.org/packages/91/5a/61f39c0ff4443651cc64e626fa97ad3099249152039952be8f344d6b0c86/cryptography-45.0.3-cp37-abi3-win_amd64.whl", hash = "sha256:d54ae41e6bd70ea23707843021c778f151ca258081586f0cfa31d936ae43d1b2", size = 3395005 },
]

[[package]]
name = "h11"
version = "0.16.0"
source = { registry = "https://pypi.org/simple" }
sdist = { url = "https://files.pythonhosted.org/packages/01/ee/02a2c011bdab74c6fb3c75474d40b3052059d95df7e73351460c8588d963/h11-0.16.0.tar.gz", hash = "sha256:4e35b956cf45792e4caa5885e69fba00bdbc6ffafbfa020300e549b208ee5ff1", size = 101250 }
wheels = [
    { url = "https://files.pythonhosted.org/packages/04/4b/29cac41a4d98d144bf5f6d33995617b185d14b22401f75ca86f384e87ff1/h11-0.16.0-py3-none-any.whl", hash = "sha256:63cf8bbe7522de3bf65932fda1d9c2772064ffb3dae62d55932da54b31cb6c86", size = 37515 },
]

[[package]]
name = "httpcore"
version = "1.0.9"
source = { registry = "https://pypi.org/simple" }
dependencies = [
    { name = "certifi" },
    { name = "h11" },
]
sdist = { url = "https://files.pythonhosted.org/packages/06/94/82699a10bca87a5556c9c59b5963f2d039dbd239f25bc2a63907a05a14cb/httpcore-1.0.9.tar.gz", hash = "sha256:6e34463af53fd2ab5d807f399a9b45ea31c3dfa2276f15a2c3f00afff6e176e8", size = 85484 }
wheels = [
    { url = "https://files.pythonhosted.org/packages/7e/f5/f66802a942d491edb555dd61e3a9961140fd64c90bce1eafd741609d334d/httpcore-1.0.9-py3-none-any.whl", hash = "sha256:2d400746a40668fc9dec9810239072b40b4484b640a8c38fd654a024c7a1bf55", size = 78784 },
]

[[package]]
name = "httpx"
version = "0.28.1"
source = { registry = "https://pypi.org/simple" }
dependencies = [
    { name = "anyio" },
    { name = "certifi" },
    { name = "httpcore" },
    { name = "idna" },
]
sdist = { url = "https://files.pythonhosted.org/packages/b1/df/48c586a5fe32a0f01324ee087459e112ebb7224f646c0b5023f5e79e9956/httpx-0.28.1.tar.gz", hash = "sha256:75e98c5f16b0f35b567856f597f06ff2270a374470a5c2392242528e3e3e42fc", size = 141406 }
wheels = [
    { url = "https://files.pythonhosted.org/packages/2a/39/e50c7c3a983047577ee07d2a9e53faf5a69493943ec3f6a384bdc792deb2/httpx-0.28.1-py3-none-any.whl", hash = "sha256:d909fcccc110f8c7faf814ca82a9a4d816bc5a6dbfea25d6591d6985b8ba59ad", size = 73517 },
]

[[package]]
name = "idna"
version = "3.10"
source = { registry = "https://pypi.org/simple" }
sdist = { url = "https://files.pythonhosted.org/packages/f1/70/7703c29685631f5a7590aa73f1f1d3fa9a380e654b86af429e0934a32f7d/idna-3.10.tar.gz", hash = "sha256:12f65c9b470abda6dc35cf8e63cc574b1c52b11df2c86030af0ac09b01b13ea9", size = 190490 }
wheels = [
    { url = "https://files.pythonhosted.org/packages/76/c6/c88e154df9c4e1a2a66ccf0005a88dfb2650c1dffb6f5ce603dfbd452ce3/idna-3.10-py3-none-any.whl", hash = "sha256:946d195a0d259cbba61165e88e65941f16e9b36ea6ddb97f00452bae8b1287d3", size = 70442 },
]

[[package]]
name = "isodate"
version = "0.7.2"
source = { registry = "https://pypi.org/simple" }
sdist = { url = "https://files.pythonhosted.org/packages/54/4d/e940025e2ce31a8ce1202635910747e5a87cc3a6a6bb2d00973375014749/isodate-0.7.2.tar.gz", hash = "sha256:4cd1aa0f43ca76f4a6c6c0292a85f40b35ec2e43e315b59f06e6d32171a953e6", size = 29705 }
wheels = [
    { url = "https://files.pythonhosted.org/packages/15/aa/0aca39a37d3c7eb941ba736ede56d689e7be91cab5d9ca846bde3999eba6/isodate-0.7.2-py3-none-any.whl", hash = "sha256:28009937d8031054830160fce6d409ed342816b543597cece116d966c6d99e15", size = 22320 },
]

[[package]]
name = "kmd-nexus-client"
version = "0.1.0"
source = { git = "https://github.com/odense-rpa/nexus-client.git?rev=main#74628e7d5d31afbbd3628e2566c877dcbcdcc13f" }
dependencies = [
    { name = "authlib" },
    { name = "httpx" },
]

[[package]]
name = "lxml"
version = "5.4.0"
source = { registry = "https://pypi.org/simple" }
sdist = { url = "https://files.pythonhosted.org/packages/76/3d/14e82fc7c8fb1b7761f7e748fd47e2ec8276d137b6acfe5a4bb73853e08f/lxml-5.4.0.tar.gz", hash = "sha256:d12832e1dbea4be280b22fd0ea7c9b87f0d8fc51ba06e92dc62d52f804f78ebd", size = 3679479 }
wheels = [
    { url = "https://files.pythonhosted.org/packages/87/cb/2ba1e9dd953415f58548506fa5549a7f373ae55e80c61c9041b7fd09a38a/lxml-5.4.0-cp313-cp313-macosx_10_13_universal2.whl", hash = "sha256:773e27b62920199c6197130632c18fb7ead3257fce1ffb7d286912e56ddb79e0", size = 8110086 },
    { url = "https://files.pythonhosted.org/packages/b5/3e/6602a4dca3ae344e8609914d6ab22e52ce42e3e1638c10967568c5c1450d/lxml-5.4.0-cp313-cp313-macosx_10_13_x86_64.whl", hash = "sha256:ce9c671845de9699904b1e9df95acfe8dfc183f2310f163cdaa91a3535af95de", size = 4404613 },
    { url = "https://files.pythonhosted.org/packages/4c/72/bf00988477d3bb452bef9436e45aeea82bb40cdfb4684b83c967c53909c7/lxml-5.4.0-cp313-cp313-manylinux_2_12_i686.manylinux2010_i686.manylinux_2_17_i686.manylinux2014_i686.whl", hash = "sha256:9454b8d8200ec99a224df8854786262b1bd6461f4280064c807303c642c05e76", size = 5012008 },
    { url = "https://files.pythonhosted.org/packages/92/1f/93e42d93e9e7a44b2d3354c462cd784dbaaf350f7976b5d7c3f85d68d1b1/lxml-5.4.0-cp313-cp313-manylinux_2_17_aarch64.manylinux2014_aarch64.whl", hash = "sha256:cccd007d5c95279e529c146d095f1d39ac05139de26c098166c4beb9374b0f4d", size = 4760915 },
    { url = "https://files.pythonhosted.org/packages/45/0b/363009390d0b461cf9976a499e83b68f792e4c32ecef092f3f9ef9c4ba54/lxml-5.4.0-cp313-cp313-manylinux_2_17_ppc64le.manylinux2014_ppc64le.whl", hash = "sha256:0fce1294a0497edb034cb416ad3e77ecc89b313cff7adbee5334e4dc0d11f422", size = 5283890 },
    { url = "https://files.pythonhosted.org/packages/19/dc/6056c332f9378ab476c88e301e6549a0454dbee8f0ae16847414f0eccb74/lxml-5.4.0-cp313-cp313-manylinux_2_17_s390x.manylinux2014_s390x.whl", hash = "sha256:24974f774f3a78ac12b95e3a20ef0931795ff04dbb16db81a90c37f589819551", size = 4812644 },
    { url = "https://files.pythonhosted.org/packages/ee/8a/f8c66bbb23ecb9048a46a5ef9b495fd23f7543df642dabeebcb2eeb66592/lxml-5.4.0-cp313-cp313-manylinux_2_17_x86_64.manylinux2014_x86_64.whl", hash = "sha256:497cab4d8254c2a90bf988f162ace2ddbfdd806fce3bda3f581b9d24c852e03c", size = 4921817 },
    { url = "https://files.pythonhosted.org/packages/04/57/2e537083c3f381f83d05d9b176f0d838a9e8961f7ed8ddce3f0217179ce3/lxml-5.4.0-cp313-cp313-manylinux_2_28_aarch64.whl", hash = "sha256:e794f698ae4c5084414efea0f5cc9f4ac562ec02d66e1484ff822ef97c2cadff", size = 4753916 },
    { url = "https://files.pythonhosted.org/packages/d8/80/ea8c4072109a350848f1157ce83ccd9439601274035cd045ac31f47f3417/lxml-5.4.0-cp313-cp313-manylinux_2_28_ppc64le.whl", hash = "sha256:2c62891b1ea3094bb12097822b3d44b93fc6c325f2043c4d2736a8ff09e65f60", size = 5289274 },
    { url = "https://files.pythonhosted.org/packages/b3/47/c4be287c48cdc304483457878a3f22999098b9a95f455e3c4bda7ec7fc72/lxml-5.4.0-cp313-cp313-manylinux_2_28_s390x.whl", hash = "sha256:142accb3e4d1edae4b392bd165a9abdee8a3c432a2cca193df995bc3886249c8", size = 4874757 },
    { url = "https://files.pythonhosted.org/packages/2f/04/6ef935dc74e729932e39478e44d8cfe6a83550552eaa072b7c05f6f22488/lxml-5.4.0-cp313-cp313-manylinux_2_28_x86_64.whl", hash = "sha256:1a42b3a19346e5601d1b8296ff6ef3d76038058f311902edd574461e9c036982", size = 4947028 },
    { url = "https://files.pythonhosted.org/packages/cb/f9/c33fc8daa373ef8a7daddb53175289024512b6619bc9de36d77dca3df44b/lxml-5.4.0-cp313-cp313-musllinux_1_2_aarch64.whl", hash = "sha256:4291d3c409a17febf817259cb37bc62cb7eb398bcc95c1356947e2871911ae61", size = 4834487 },
    { url = "https://files.pythonhosted.org/packages/8d/30/fc92bb595bcb878311e01b418b57d13900f84c2b94f6eca9e5073ea756e6/lxml-5.4.0-cp313-cp313-musllinux_1_2_ppc64le.whl", hash = "sha256:4f5322cf38fe0e21c2d73901abf68e6329dc02a4994e483adbcf92b568a09a54", size = 5381688 },
    { url = "https://files.pythonhosted.org/packages/43/d1/3ba7bd978ce28bba8e3da2c2e9d5ae3f8f521ad3f0ca6ea4788d086ba00d/lxml-5.4.0-cp313-cp313-musllinux_1_2_s390x.whl", hash = "sha256:0be91891bdb06ebe65122aa6bf3fc94489960cf7e03033c6f83a90863b23c58b", size = 5242043 },
    { url = "https://files.pythonhosted.org/packages/ee/cd/95fa2201041a610c4d08ddaf31d43b98ecc4b1d74b1e7245b1abdab443cb/lxml-5.4.0-cp313-cp313-musllinux_1_2_x86_64.whl", hash = "sha256:15a665ad90054a3d4f397bc40f73948d48e36e4c09f9bcffc7d90c87410e478a", size = 5021569 },
    { url = "https://files.pythonhosted.org/packages/2d/a6/31da006fead660b9512d08d23d31e93ad3477dd47cc42e3285f143443176/lxml-5.4.0-cp313-cp313-win32.whl", hash = "sha256:d5663bc1b471c79f5c833cffbc9b87d7bf13f87e055a5c86c363ccd2348d7e82", size = 3485270 },
    { url = "https://files.pythonhosted.org/packages/fc/14/c115516c62a7d2499781d2d3d7215218c0731b2c940753bf9f9b7b73924d/lxml-5.4.0-cp313-cp313-win_amd64.whl", hash = "sha256:bcb7a1096b4b6b24ce1ac24d4942ad98f983cd3810f9711bcd0293f43a9d8b9f", size = 3814606 },
]

[[package]]
name = "odk-tools"
version = "0.1.0"
source = { git = "https://github.com/odense-rpa/odk-tools.git#d5ab31597ab07d7089a1786d8aff3a581b650858" }
dependencies = [
    { name = "pymssql" },
    { name = "zeep" },
]

[[package]]
name = "platformdirs"
version = "4.3.7"
source = { registry = "https://pypi.org/simple" }
sdist = { url = "https://files.pythonhosted.org/packages/b6/2d/7d512a3913d60623e7eb945c6d1b4f0bddf1d0b7ada5225274c87e5b53d1/platformdirs-4.3.7.tar.gz", hash = "sha256:eb437d586b6a0986388f0d6f74aa0cde27b48d0e3d66843640bfb6bdcdb6e351", size = 21291 }
wheels = [
    { url = "https://files.pythonhosted.org/packages/6d/45/59578566b3275b8fd9157885918fcd0c4d74162928a5310926887b856a51/platformdirs-4.3.7-py3-none-any.whl", hash = "sha256:a03875334331946f13c549dbd8f4bac7a13a50a895a0eb1e8c6a8ace80d40a94", size = 18499 },
]

[[package]]
name = "process-template"
version = "0.1.0"
source = { virtual = "." }
dependencies = [
    { name = "automation-server-client" },
    { name = "kmd-nexus-client" },
    { name = "odk-tools" },
    { name = "python-dateutil" },
]

[package.metadata]
requires-dist = [
    { name = "automation-server-client", git = "https://github.com/odense-rpa/automation-server-client.git" },
    { name = "kmd-nexus-client", git = "https://github.com/odense-rpa/nexus-client.git?rev=main" },
    { name = "odk-tools", git = "https://github.com/odense-rpa/odk-tools.git" },
    { name = "python-dateutil", specifier = ">=2.9.0.post0" },
]

[[package]]
name = "pycparser"
version = "2.22"
source = { registry = "https://pypi.org/simple" }
sdist = { url = "https://files.pythonhosted.org/packages/1d/b2/31537cf4b1ca988837256c910a668b553fceb8f069bedc4b1c826024b52c/pycparser-2.22.tar.gz", hash = "sha256:491c8be9c040f5390f5bf44a5b07752bd07f56edf992381b05c701439eec10f6", size = 172736 }
wheels = [
    { url = "https://files.pythonhosted.org/packages/13/a3/a812df4e2dd5696d1f351d58b8fe16a405b234ad2886a0dab9183fb78109/pycparser-2.22-py3-none-any.whl", hash = "sha256:c3702b6d3dd8c7abc1afa565d7e63d53a1d0bd86cdc24edd75470f4de499cfcc", size = 117552 },
]

[[package]]
name = "pymssql"
version = "2.3.2"
source = { registry = "https://pypi.org/simple" }
sdist = { url = "https://files.pythonhosted.org/packages/81/c8/2ce5b171581c2e4d5d9726aaa805eb01febc7ed70a3bf686e1e0f5501b07/pymssql-2.3.2.tar.gz", hash = "sha256:18089641b687be1ebd0f64f0d1ff977478a397ffa1af372bdf10dbec29cf6d2e", size = 184760 }
wheels = [
    { url = "https://files.pythonhosted.org/packages/e0/26/f90c0251c0452fb6a80c44a7d7eb9b1e63e1657098659364ec81cb9cbb87/pymssql-2.3.2-cp313-cp313-macosx_13_0_universal2.whl", hash = "sha256:f282e701dca155b3e7f1644d7e3b60c201ca5f3be8045bce34042d3c737d63ee", size = 3031958 },
    { url = "https://files.pythonhosted.org/packages/ea/8d/8146de09a00a3c1737c1f1feb83a10519a406da045b3e7f5ad315d2266fd/pymssql-2.3.2-cp313-cp313-manylinux_2_17_aarch64.manylinux2014_aarch64.whl", hash = "sha256:f1791f4627c42fe2d2833c884d036b0c5c8cf628f2cdfa3536191c217acf729e", size = 3981704 },
    { url = "https://files.pythonhosted.org/packages/97/75/b1e7586c73e63f35664cf4dcf8df79d18892a3a57db3e93039443fb5a568/pymssql-2.3.2-cp313-cp313-manylinux_2_17_i686.manylinux2014_i686.whl", hash = "sha256:3870085a49e5332bc67ecb24f217c586977d5352eb51598244fc7bc278eee3e1", size = 3964863 },
    { url = "https://files.pythonhosted.org/packages/40/5c/a1e6bbb17c5a606eeba78da8f13784c5afa6e614c9a44348a95c229fbb0e/pymssql-2.3.2-cp313-cp313-manylinux_2_17_x86_64.manylinux2014_x86_64.whl", hash = "sha256:1afda7b7022eff9451bd83e3f64c450a1a8cdff4ba8b8e399866dcd2cb861a1e", size = 4346193 },
    { url = "https://files.pythonhosted.org/packages/ca/5f/ec35ac1efa66172c626a0e86cc1520d2964b415fae6f2a7a818ef1d98fcc/pymssql-2.3.2-cp313-cp313-manylinux_2_28_x86_64.whl", hash = "sha256:b0c2b11aca16617cacaf385fb94134e73ba0216a924f9b85778cc7e3d3713361", size = 4743947 },
    { url = "https://files.pythonhosted.org/packages/1c/fa/9e1d88e2f025ce8d389f861bd962c0558ee23bc1b6d18981a967b6b51e6d/pymssql-2.3.2-cp313-cp313-musllinux_1_1_i686.whl", hash = "sha256:2568944db3888996e161b40ad06c1b9e0fbb6cfcb38279a3abb98ece7a8e1c4a", size = 4047878 },
    { url = "https://files.pythonhosted.org/packages/f5/2a/7ad8a39d8ff79a8f7ee7fc5a9c43f22cd365aff3f296b20a702c164eebb6/pymssql-2.3.2-cp313-cp313-musllinux_1_1_x86_64.whl", hash = "sha256:ee8ee2c7c227c413ad9b88ddba1cb6a25e28c217ae73ecac1c7a6b8c29003604", size = 4109700 },
    { url = "https://files.pythonhosted.org/packages/b6/94/eed7fff479be51827e03c2bfcffda73dfe4e0d72c4c8144425aa63daede0/pymssql-2.3.2-cp313-cp313-musllinux_1_2_i686.whl", hash = "sha256:8cd806380d362d4cef2d925a6baee6a4b2b151a92cac2cab5c4bfabed4be4849", size = 4565816 },
    { url = "https://files.pythonhosted.org/packages/f1/a1/f99f37547126981a351e0c8854f35b7d984238c68af54ff8863ea2d3644b/pymssql-2.3.2-cp313-cp313-musllinux_1_2_x86_64.whl", hash = "sha256:ef0d29c705db552f9e75230f946b0ca9db0db903c5c9ee79ce8b88ad25ea9670", size = 4786896 },
    { url = "https://files.pythonhosted.org/packages/24/4f/93438cd488497f1c089d077380c3bc9a7adf98666fa01d7a380861440965/pymssql-2.3.2-cp313-cp313-win32.whl", hash = "sha256:1037053e6c74d6fe14c428cc942968b4e4bf06854706a83fe8e822e475e3f107", size = 1306239 },
    { url = "https://files.pythonhosted.org/packages/ad/b9/6782fee30a1bb699aa023e132ca85d137e20466ef9fe562656a1e3dec25b/pymssql-2.3.2-cp313-cp313-win_amd64.whl", hash = "sha256:148b7714fff5a5b7ce038e92b02dd9bf68fe442c181a3aae32148e7b13f6db95", size = 1988634 },
]

[[package]]
name = "python-dateutil"
version = "2.9.0.post0"
source = { registry = "https://pypi.org/simple" }
dependencies = [
    { name = "six" },
]
sdist = { url = "https://files.pythonhosted.org/packages/66/c0/0c8b6ad9f17a802ee498c46e004a0eb49bc148f2fd230864601a86dcf6db/python-dateutil-2.9.0.post0.tar.gz", hash = "sha256:37dd54208da7e1cd875388217d5e00ebd4179249f90fb72437e91a35459a0ad3", size = 342432 }
wheels = [
    { url = "https://files.pythonhosted.org/packages/ec/57/56b9bcc3c9c6a792fcbaf139543cee77261f3651ca9da0c93f5c1221264b/python_dateutil-2.9.0.post0-py2.py3-none-any.whl", hash = "sha256:a8b2bc7bffae282281c8140a97d3aa9c14da0b136dfe83f850eea9a5f7470427", size = 229892 },
]

[[package]]
name = "python-dotenv"
version = "1.1.0"
source = { registry = "https://pypi.org/simple" }
sdist = { url = "https://files.pythonhosted.org/packages/88/2c/7bb1416c5620485aa793f2de31d3df393d3686aa8a8506d11e10e13c5baf/python_dotenv-1.1.0.tar.gz", hash = "sha256:41f90bc6f5f177fb41f53e87666db362025010eb28f60a01c9143bfa33a2b2d5", size = 39920 }
wheels = [
    { url = "https://files.pythonhosted.org/packages/1e/18/98a99ad95133c6a6e2005fe89faedf294a748bd5dc803008059409ac9b1e/python_dotenv-1.1.0-py3-none-any.whl", hash = "sha256:d7c01d9e2293916c18baf562d95698754b0dbbb5e74d457c45d4f6561fb9d55d", size = 20256 },
]

[[package]]
name = "pytz"
version = "2025.2"
source = { registry = "https://pypi.org/simple" }
sdist = { url = "https://files.pythonhosted.org/packages/f8/bf/abbd3cdfb8fbc7fb3d4d38d320f2441b1e7cbe29be4f23797b4a2b5d8aac/pytz-2025.2.tar.gz", hash = "sha256:360b9e3dbb49a209c21ad61809c7fb453643e048b38924c765813546746e81c3", size = 320884 }
wheels = [
    { url = "https://files.pythonhosted.org/packages/81/c4/34e93fe5f5429d7570ec1fa436f1986fb1f00c3e0f43a589fe2bbcd22c3f/pytz-2025.2-py2.py3-none-any.whl", hash = "sha256:5ddf76296dd8c44c26eb8f4b6f35488f3ccbf6fbbd7adee0b7262d43f0ec2f00", size = 509225 },
]

[[package]]
name = "requests"
version = "2.32.3"
source = { registry = "https://pypi.org/simple" }
dependencies = [
    { name = "certifi" },
    { name = "charset-normalizer" },
    { name = "idna" },
    { name = "urllib3" },
]
sdist = { url = "https://files.pythonhosted.org/packages/63/70/2bf7780ad2d390a8d301ad0b550f1581eadbd9a20f896afe06353c2a2913/requests-2.32.3.tar.gz", hash = "sha256:55365417734eb18255590a9ff9eb97e9e1da868d4ccd6402399eaf68af20a760", size = 131218 }
wheels = [
    { url = "https://files.pythonhosted.org/packages/f9/9b/335f9764261e915ed497fcdeb11df5dfd6f7bf257d4a6a2a686d80da4d54/requests-2.32.3-py3-none-any.whl", hash = "sha256:70761cfe03c773ceb22aa2f671b4757976145175cdfca038c02654d061d6dcc6", size = 64928 },
]

[[package]]
name = "requests-file"
version = "2.1.0"
source = { registry = "https://pypi.org/simple" }
dependencies = [
    { name = "requests" },
]
sdist = { url = "https://files.pythonhosted.org/packages/72/97/bf44e6c6bd8ddbb99943baf7ba8b1a8485bcd2fe0e55e5708d7fee4ff1ae/requests_file-2.1.0.tar.gz", hash = "sha256:0f549a3f3b0699415ac04d167e9cb39bccfb730cb832b4d20be3d9867356e658", size = 6891 }
wheels = [
    { url = "https://files.pythonhosted.org/packages/d7/25/dd878a121fcfdf38f52850f11c512e13ec87c2ea72385933818e5b6c15ce/requests_file-2.1.0-py2.py3-none-any.whl", hash = "sha256:cf270de5a4c5874e84599fc5778303d496c10ae5e870bfa378818f35d21bda5c", size = 4244 },
]

[[package]]
name = "requests-toolbelt"
version = "1.0.0"
source = { registry = "https://pypi.org/simple" }
dependencies = [
    { name = "requests" },
]
sdist = { url = "https://files.pythonhosted.org/packages/f3/61/d7545dafb7ac2230c70d38d31cbfe4cc64f7144dc41f6e4e4b78ecd9f5bb/requests-toolbelt-1.0.0.tar.gz", hash = "sha256:7681a0a3d047012b5bdc0ee37d7f8f07ebe76ab08caeccfc3921ce23c88d5bc6", size = 206888 }
wheels = [
    { url = "https://files.pythonhosted.org/packages/3f/51/d4db610ef29373b879047326cbf6fa98b6c1969d6f6dc423279de2b1be2c/requests_toolbelt-1.0.0-py2.py3-none-any.whl", hash = "sha256:cccfdd665f0a24fcf4726e690f65639d272bb0637b9b92dfd91a5568ccf6bd06", size = 54481 },
]

[[package]]
name = "six"
version = "1.17.0"
source = { registry = "https://pypi.org/simple" }
sdist = { url = "https://files.pythonhosted.org/packages/94/e7/b2c673351809dca68a0e064b6af791aa332cf192da575fd474ed7d6f16a2/six-1.17.0.tar.gz", hash = "sha256:ff70335d468e7eb6ec65b95b99d3a2836546063f63acc5171de367e834932a81", size = 34031 }
wheels = [
    { url = "https://files.pythonhosted.org/packages/b7/ce/149a00dd41f10bc29e5921b496af8b574d8413afcd5e30dfa0ed46c2cc5e/six-1.17.0-py2.py3-none-any.whl", hash = "sha256:4721f391ed90541fddacab5acf947aa0d3dc7d27b2e1e8eda2be8970586c3274", size = 11050 },
]

[[package]]
name = "sniffio"
version = "1.3.1"
source = { registry = "https://pypi.org/simple" }
sdist = { url = "https://files.pythonhosted.org/packages/a2/87/a6771e1546d97e7e041b6ae58d80074f81b7d5121207425c964ddf5cfdbd/sniffio-1.3.1.tar.gz", hash = "sha256:f4324edc670a0f49750a81b895f35c3adb843cca46f0530f79fc1babb23789dc", size = 20372 }
wheels = [
    { url = "https://files.pythonhosted.org/packages/e9/44/75a9c9421471a6c4805dbf2356f7c181a29c1879239abab1ea2cc8f38b40/sniffio-1.3.1-py3-none-any.whl", hash = "sha256:2f6da418d1f1e0fddd844478f41680e794e6051915791a034ff65e5f100525a2", size = 10235 },
]

[[package]]
name = "urllib3"
version = "2.4.0"
source = { registry = "https://pypi.org/simple" }
sdist = { url = "https://files.pythonhosted.org/packages/8a/78/16493d9c386d8e60e442a35feac5e00f0913c0f4b7c217c11e8ec2ff53e0/urllib3-2.4.0.tar.gz", hash = "sha256:414bc6535b787febd7567804cc015fee39daab8ad86268f1310a9250697de466", size = 390672 }
wheels = [
    { url = "https://files.pythonhosted.org/packages/6b/11/cc635220681e93a0183390e26485430ca2c7b5f9d33b15c74c2861cb8091/urllib3-2.4.0-py3-none-any.whl", hash = "sha256:4e16665048960a0900c702d4a66415956a584919c03361cac9f1df5c5dd7e813", size = 128680 },
]

[[package]]
name = "zeep"
version = "4.3.1"
source = { registry = "https://pypi.org/simple" }
dependencies = [
    { name = "attrs" },
    { name = "isodate" },
    { name = "lxml" },
    { name = "platformdirs" },
    { name = "pytz" },
    { name = "requests" },
    { name = "requests-file" },
    { name = "requests-toolbelt" },
]
sdist = { url = "https://files.pythonhosted.org/packages/09/35/4a91181499a1e098cb01e04a26a053714adf2fb1c25b40fdc5f46cfe2e4f/zeep-4.3.1.tar.gz", hash = "sha256:f45385e9e1b09d5550e0f51ab9fa7c6842713cab7194139372fd82a99c56a06e", size = 166468 }
wheels = [
    { url = "https://files.pythonhosted.org/packages/46/92/8a76eeccb5c176ea3de3965598b6fcd10dc9d72a560e59919b52845327ed/zeep-4.3.1-py3-none-any.whl", hash = "sha256:a637aa7eedb6330bb27e8c94c5233ddf23553904323adf9398f8cf5025acb216", size = 101690 },
]
